
Microsoft Visual Studio Solution File, Format Version 12.00
# Visual Studio Version 16
VisualStudioVersion = 16.0.31005.135
MinimumVisualStudioVersion = 10.0.40219.1
Project("{FAE04EC0-301F-11D3-BF4B-00C04F79EFBC}") = "RobotMovesUI", "RobotMovesUI.csproj", "{0AEED1F0-19FB-4103-8553-5D09254CB3B1}"
EndProject
Global
	GlobalSection(SolutionConfigurationPlatforms) = preSolution
		Debug|Any CPU = Debug|Any CPU
		Release|Any CPU = Release|Any CPU
	EndGlobalSection
	GlobalSection(ProjectConfigurationPlatforms) = postSolution
		{0AEED1F0-19FB-4103-8553-5D09254CB3B1}.Debug|Any CPU.ActiveCfg = Debug|Any CPU
		{0AEED1F0-19FB-4103-8553-5D09254CB3B1}.Debug|Any CPU.Build.0 = Debug|Any CPU
		{0AEED1F0-19FB-4103-8553-5D09254CB3B1}.Release|Any CPU.ActiveCfg = Release|Any CPU
		{0AEED1F0-19FB-4103-8553-5D09254CB3B1}.Release|Any CPU.Build.0 = Release|Any CPU
	EndGlobalSection
	GlobalSection(SolutionProperties) = preSolution
		HideSolutionNode = FALSE
	EndGlobalSection
	GlobalSection(ExtensibilityGlobals) = postSolution
		SolutionGuid = {148928E6-EE06-4893-8651-9F2AC4FF37E6}
	EndGlobalSection
EndGlobal
